// !$*UTF8*$!
{
	archiveVersion = 1;
	classes = {
	};
	objectVersion = 46;
	objects = {

/* Begin PBXBuildFile section */
		8BAA64E37CD98C3EBCE38BED /* libPods-TestSD.a in Frameworks */ = {isa = PBXBuildFile; fileRef = 076EC4E7C10DCCF99AE2D644 /* libPods-TestSD.a */; };
		97C0A81F1FF6370700381183 /* main.m in Sources */ = {isa = PBXBuildFile; fileRef = 97C0A81E1FF6370700381183 /* main.m */; };
		97C0A8221FF6370700381183 /* AppDelegate.m in Sources */ = {isa = PBXBuildFile; fileRef = 97C0A8211FF6370700381183 /* AppDelegate.m */; };
		97C0A8251FF6370700381183 /* ViewController.m in Sources */ = {isa = PBXBuildFile; fileRef = 97C0A8241FF6370700381183 /* ViewController.m */; };
		97C0A8281FF6370800381183 /* Main.storyboard in Resources */ = {isa = PBXBuildFile; fileRef = 97C0A8261FF6370700381183 /* Main.storyboard */; };
		97C0A82A1FF6370800381183 /* Assets.xcassets in Resources */ = {isa = PBXBuildFile; fileRef = 97C0A8291FF6370800381183 /* Assets.xcassets */; };
		97C0A82D1FF6370800381183 /* LaunchScreen.storyboard in Resources */ = {isa = PBXBuildFile; fileRef = 97C0A82B1FF6370800381183 /* LaunchScreen.storyboard */; };
		97C0A8381FF6370800381183 /* TestSDTests.m in Sources */ = {isa = PBXBuildFile; fileRef = 97C0A8371FF6370800381183 /* TestSDTests.m */; };
		97C0A8431FF6370800381183 /* TestSDUITests.m in Sources */ = {isa = PBXBuildFile; fileRef = 97C0A8421FF6370800381183 /* TestSDUITests.m */; };
/* End PBXBuildFile section */

/* Begin PBXContainerItemProxy section */
		97C0A8341FF6370800381183 /* PBXContainerItemProxy */ = {
			isa = PBXContainerItemProxy;
			containerPortal = 97C0A8121FF6370700381183 /* Project object */;
			proxyType = 1;
			remoteGlobalIDString = 97C0A8191FF6370700381183;
			remoteInfo = TestSD;
		};
		97C0A83F1FF6370800381183 /* PBXContainerItemProxy */ = {
			isa = PBXContainerItemProxy;
			containerPortal = 97C0A8121FF6370700381183 /* Project object */;
			proxyType = 1;
			remoteGlobalIDString = 97C0A8191FF6370700381183;
			remoteInfo = TestSD;
		};
/* End PBXContainerItemProxy section */

/* Begin PBXFileReference section */
		076EC4E7C10DCCF99AE2D644 /* libPods-TestSD.a */ = {isa = PBXFileReference; explicitFileType = archive.ar; includeInIndex = 0; path = "libPods-TestSD.a"; sourceTree = BUILT_PRODUCTS_DIR; };
		1492FB7E7F5394272717D5D8 /* Pods-TestSD.release.xcconfig */ = {isa = PBXFileReference; includeInIndex = 1; lastKnownFileType = text.xcconfig; name = "Pods-TestSD.release.xcconfig"; path = "Pods/Target Support Files/Pods-TestSD/Pods-TestSD.release.xcconfig"; sourceTree = "<group>"; };
		8747E14B22FFEA24FE0A3BC7 /* Pods-TestSD.debug.xcconfig */ = {isa = PBXFileReference; includeInIndex = 1; lastKnownFileType = text.xcconfig; name = "Pods-TestSD.debug.xcconfig"; path = "Pods/Target Support Files/Pods-TestSD/Pods-TestSD.debug.xcconfig"; sourceTree = "<group>"; };
		97C0A81A1FF6370700381183 /* TestSD.app */ = {isa = PBXFileReference; explicitFileType = wrapper.application; includeInIndex = 0; path = TestSD.app; sourceTree = BUILT_PRODUCTS_DIR; };
		97C0A81E1FF6370700381183 /* main.m */ = {isa = PBXFileReference; lastKnownFileType = sourcecode.c.objc; path = main.m; sourceTree = "<group>"; };
		97C0A8201FF6370700381183 /* AppDelegate.h */ = {isa = PBXFileReference; lastKnownFileType = sourcecode.c.h; path = AppDelegate.h; sourceTree = "<group>"; };
		97C0A8211FF6370700381183 /* AppDelegate.m */ = {isa = PBXFileReference; lastKnownFileType = sourcecode.c.objc; path = AppDelegate.m; sourceTree = "<group>"; };
		97C0A8231FF6370700381183 /* ViewController.h */ = {isa = PBXFileReference; lastKnownFileType = sourcecode.c.h; path = ViewController.h; sourceTree = "<group>"; };
		97C0A8241FF6370700381183 /* ViewController.m */ = {isa = PBXFileReference; lastKnownFileType = sourcecode.c.objc; path = ViewController.m; sourceTree = "<group>"; };
		97C0A8271FF6370800381183 /* Base */ = {isa = PBXFileReference; lastKnownFileType = file.storyboard; name = Base; path = Base.lproj/Main.storyboard; sourceTree = "<group>"; };
		97C0A8291FF6370800381183 /* Assets.xcassets */ = {isa = PBXFileReference; lastKnownFileType = folder.assetcatalog; path = Assets.xcassets; sourceTree = "<group>"; };
		97C0A82C1FF6370800381183 /* Base */ = {isa = PBXFileReference; lastKnownFileType = file.storyboard; name = Base; path = Base.lproj/LaunchScreen.storyboard; sourceTree = "<group>"; };
		97C0A82E1FF6370800381183 /* Info.plist */ = {isa = PBXFileReference; lastKnownFileType = text.plist.xml; path = Info.plist; sourceTree = "<group>"; };
		97C0A8331FF6370800381183 /* TestSDTests.xctest */ = {isa = PBXFileReference; explicitFileType = wrapper.cfbundle; includeInIndex = 0; path = TestSDTests.xctest; sourceTree = BUILT_PRODUCTS_DIR; };
		97C0A8371FF6370800381183 /* TestSDTests.m */ = {isa = PBXFileReference; lastKnownFileType = sourcecode.c.objc; path = TestSDTests.m; sourceTree = "<group>"; };
		97C0A8391FF6370800381183 /* Info.plist */ = {isa = PBXFileReference; lastKnownFileType = text.plist.xml; path = Info.plist; sourceTree = "<group>"; };
		97C0A83E1FF6370800381183 /* TestSDUITests.xctest */ = {isa = PBXFileReference; explicitFileType = wrapper.cfbundle; includeInIndex = 0; path = TestSDUITests.xctest; sourceTree = BUILT_PRODUCTS_DIR; };
		97C0A8421FF6370800381183 /* TestSDUITests.m */ = {isa = PBXFileReference; lastKnownFileType = sourcecode.c.objc; path = TestSDUITests.m; sourceTree = "<group>"; };
		97C0A8441FF6370800381183 /* Info.plist */ = {isa = PBXFileReference; lastKnownFileType = text.plist.xml; path = Info.plist; sourceTree = "<group>"; };
		97C0A8501FF63B7000381183 /* TestSD.pch */ = {isa = PBXFileReference; lastKnownFileType = sourcecode.c.h; path = TestSD.pch; sourceTree = "<group>"; };
/* End PBXFileReference section */

/* Begin PBXFrameworksBuildPhase section */
		97C0A8171FF6370700381183 /* Frameworks */ = {
			isa = PBXFrameworksBuildPhase;
			buildActionMask = 2147483647;
			files = (
				8BAA64E37CD98C3EBCE38BED /* libPods-TestSD.a in Frameworks */,
			);
			runOnlyForDeploymentPostprocessing = 0;
		};
		97C0A8301FF6370800381183 /* Frameworks */ = {
			isa = PBXFrameworksBuildPhase;
			buildActionMask = 2147483647;
			files = (
			);
			runOnlyForDeploymentPostprocessing = 0;
		};
		97C0A83B1FF6370800381183 /* Frameworks */ = {
			isa = PBXFrameworksBuildPhase;
			buildActionMask = 2147483647;
			files = (
			);
			runOnlyForDeploymentPostprocessing = 0;
		};
/* End PBXFrameworksBuildPhase section */

/* Begin PBXGroup section */
		1618A258378D642FAEE2AB83 /* Pods */ = {
			isa = PBXGroup;
			children = (
				8747E14B22FFEA24FE0A3BC7 /* Pods-TestSD.debug.xcconfig */,
				1492FB7E7F5394272717D5D8 /* Pods-TestSD.release.xcconfig */,
			);
			name = Pods;
			sourceTree = "<group>";
		};
		97C0A8111FF6370700381183 = {
			isa = PBXGroup;
			children = (
				97C0A81C1FF6370700381183 /* TestSD */,
				97C0A8361FF6370800381183 /* TestSDTests */,
				97C0A8411FF6370800381183 /* TestSDUITests */,
				97C0A81B1FF6370700381183 /* Products */,
				1618A258378D642FAEE2AB83 /* Pods */,
				F5B65F11DDC635BE7F080EC8 /* Frameworks */,
			);
			sourceTree = "<group>";
		};
		97C0A81B1FF6370700381183 /* Products */ = {
			isa = PBXGroup;
			children = (
				97C0A81A1FF6370700381183 /* TestSD.app */,
				97C0A8331FF6370800381183 /* TestSDTests.xctest */,
				97C0A83E1FF6370800381183 /* TestSDUITests.xctest */,
			);
			name = Products;
			sourceTree = "<group>";
		};
		97C0A81C1FF6370700381183 /* TestSD */ = {
			isa = PBXGroup;
			children = (
				97C0A8201FF6370700381183 /* AppDelegate.h */,
				97C0A8211FF6370700381183 /* AppDelegate.m */,
				97C0A8231FF6370700381183 /* ViewController.h */,
				97C0A8241FF6370700381183 /* ViewController.m */,
				97C0A8261FF6370700381183 /* Main.storyboard */,
				97C0A8291FF6370800381183 /* Assets.xcassets */,
				97C0A82B1FF6370800381183 /* LaunchScreen.storyboard */,
				97C0A82E1FF6370800381183 /* Info.plist */,
				97C0A81D1FF6370700381183 /* Supporting Files */,
			);
			path = TestSD;
			sourceTree = "<group>";
		};
		97C0A81D1FF6370700381183 /* Supporting Files */ = {
			isa = PBXGroup;
			children = (
				97C0A81E1FF6370700381183 /* main.m */,
				97C0A8501FF63B7000381183 /* TestSD.pch */,
			);
			name = "Supporting Files";
			sourceTree = "<group>";
		};
		97C0A8361FF6370800381183 /* TestSDTests */ = {
			isa = PBXGroup;
			children = (
				97C0A8371FF6370800381183 /* TestSDTests.m */,
				97C0A8391FF6370800381183 /* Info.plist */,
			);
			path = TestSDTests;
			sourceTree = "<group>";
		};
		97C0A8411FF6370800381183 /* TestSDUITests */ = {
			isa = PBXGroup;
			children = (
				97C0A8421FF6370800381183 /* TestSDUITests.m */,
				97C0A8441FF6370800381183 /* Info.plist */,
			);
			path = TestSDUITests;
			sourceTree = "<group>";
		};
		F5B65F11DDC635BE7F080EC8 /* Frameworks */ = {
			isa = PBXGroup;
			children = (
				076EC4E7C10DCCF99AE2D644 /* libPods-TestSD.a */,
			);
			name = Frameworks;
			sourceTree = "<group>";
		};
/* End PBXGroup section */

/* Begin PBXNativeTarget section */
		97C0A8191FF6370700381183 /* TestSD */ = {
			isa = PBXNativeTarget;
			buildConfigurationList = 97C0A8471FF6370800381183 /* Build configuration list for PBXNativeTarget "TestSD" */;
			buildPhases = (
				7C2577C7D3C4105AB2B7C2F5 /* [CP] Check Pods Manifest.lock */,
				97C0A8161FF6370700381183 /* Sources */,
				97C0A8171FF6370700381183 /* Frameworks */,
				97C0A8181FF6370700381183 /* Resources */,
				B397F60AB3447BB8680AC30F /* [CP] Embed Pods Frameworks */,
				402549F07FA1606E7CC278A8 /* [CP] Copy Pods Resources */,
			);
			buildRules = (
			);
			dependencies = (
			);
			name = TestSD;
			productName = TestSD;
			productReference = 97C0A81A1FF6370700381183 /* TestSD.app */;
			productType = "com.apple.product-type.application";
		};
		97C0A8321FF6370800381183 /* TestSDTests */ = {
			isa = PBXNativeTarget;
			buildConfigurationList = 97C0A84A1FF6370800381183 /* Build configuration list for PBXNativeTarget "TestSDTests" */;
			buildPhases = (
				97C0A82F1FF6370800381183 /* Sources */,
				97C0A8301FF6370800381183 /* Frameworks */,
				97C0A8311FF6370800381183 /* Resources */,
			);
			buildRules = (
			);
			dependencies = (
				97C0A8351FF6370800381183 /* PBXTargetDependency */,
			);
			name = TestSDTests;
			productName = TestSDTests;
			productReference = 97C0A8331FF6370800381183 /* TestSDTests.xctest */;
			productType = "com.apple.product-type.bundle.unit-test";
		};
		97C0A83D1FF6370800381183 /* TestSDUITests */ = {
			isa = PBXNativeTarget;
			buildConfigurationList = 97C0A84D1FF6370800381183 /* Build configuration list for PBXNativeTarget "TestSDUITests" */;
			buildPhases = (
				97C0A83A1FF6370800381183 /* Sources */,
				97C0A83B1FF6370800381183 /* Frameworks */,
				97C0A83C1FF6370800381183 /* Resources */,
			);
			buildRules = (
			);
			dependencies = (
				97C0A8401FF6370800381183 /* PBXTargetDependency */,
			);
			name = TestSDUITests;
			productName = TestSDUITests;
			productReference = 97C0A83E1FF6370800381183 /* TestSDUITests.xctest */;
			productType = "com.apple.product-type.bundle.ui-testing";
		};
/* End PBXNativeTarget section */

/* Begin PBXProject section */
		97C0A8121FF6370700381183 /* Project object */ = {
			isa = PBXProject;
			attributes = {
				LastUpgradeCheck = 0800;
				ORGANIZATIONNAME = weiman;
				TargetAttributes = {
					97C0A8191FF6370700381183 = {
						CreatedOnToolsVersion = 8.0;
						DevelopmentTeam = 9ECXZ932UT;
						ProvisioningStyle = Automatic;
					};
					97C0A8321FF6370800381183 = {
						CreatedOnToolsVersion = 8.0;
						ProvisioningStyle = Automatic;
						TestTargetID = 97C0A8191FF6370700381183;
					};
					97C0A83D1FF6370800381183 = {
						CreatedOnToolsVersion = 8.0;
						ProvisioningStyle = Automatic;
						TestTargetID = 97C0A8191FF6370700381183;
					};
				};
			};
			buildConfigurationList = 97C0A8151FF6370700381183 /* Build configuration list for PBXProject "TestSD" */;
			compatibilityVersion = "Xcode 3.2";
			developmentRegion = English;
			hasScannedForEncodings = 0;
			knownRegions = (
				en,
				Base,
			);
			mainGroup = 97C0A8111FF6370700381183;
			productRefGroup = 97C0A81B1FF6370700381183 /* Products */;
			projectDirPath = "";
			projectRoot = "";
			targets = (
				97C0A8191FF6370700381183 /* TestSD */,
				97C0A8321FF6370800381183 /* TestSDTests */,
				97C0A83D1FF6370800381183 /* TestSDUITests */,
			);
		};
/* End PBXProject section */

/* Begin PBXResourcesBuildPhase section */
		97C0A8181FF6370700381183 /* Resources */ = {
			isa = PBXResourcesBuildPhase;
			buildActionMask = 2147483647;
			files = (
				97C0A82D1FF6370800381183 /* LaunchScreen.storyboard in Resources */,
				97C0A82A1FF6370800381183 /* Assets.xcassets in Resources */,
				97C0A8281FF6370800381183 /* Main.storyboard in Resources */,
			);
			runOnlyForDeploymentPostprocessing = 0;
		};
		97C0A8311FF6370800381183 /* Resources */ = {
			isa = PBXResourcesBuildPhase;
			buildActionMask = 2147483647;
			files = (
			);
			runOnlyForDeploymentPostprocessing = 0;
		};
		97C0A83C1FF6370800381183 /* Resources */ = {
			isa = PBXResourcesBuildPhase;
			buildActionMask = 2147483647;
			files = (
			);
			runOnlyForDeploymentPostprocessing = 0;
		};
/* End PBXResourcesBuildPhase section */

/* Begin PBXShellScriptBuildPhase section */
		402549F07FA1606E7CC278A8 /* [CP] Copy Pods Resources */ = {
			isa = PBXShellScriptBuildPhase;
			buildActionMask = 2147483647;
			files = (
			);
			inputPaths = (
			);
			name = "[CP] Copy Pods Resources";
			outputPaths = (
			);
			runOnlyForDeploymentPostprocessing = 0;
			shellPath = /bin/sh;
			shellScript = "\"${SRCROOT}/Pods/Target Support Files/Pods-TestSD/Pods-TestSD-resources.sh\"\n";
			showEnvVarsInLog = 0;
		};
		7C2577C7D3C4105AB2B7C2F5 /* [CP] Check Pods Manifest.lock */ = {
			isa = PBXShellScriptBuildPhase;
			buildActionMask = 2147483647;
			files = (
			);
			inputPaths = (
				"${PODS_PODFILE_DIR_PATH}/Podfile.lock",
				"${PODS_ROOT}/Manifest.lock",
			);
			name = "[CP] Check Pods Manifest.lock";
			outputPaths = (
				"$(DERIVED_FILE_DIR)/Pods-TestSD-checkManifestLockResult.txt",
			);
			runOnlyForDeploymentPostprocessing = 0;
			shellPath = /bin/sh;
			shellScript = "diff \"${PODS_PODFILE_DIR_PATH}/Podfile.lock\" \"${PODS_ROOT}/Manifest.lock\" > /dev/null\nif [ $? != 0 ] ; then\n    # print error to STDERR\n    echo \"error: The sandbox is not in sync with the Podfile.lock. Run 'pod install' or update your CocoaPods installation.\" >&2\n    exit 1\nfi\n# This output is used by Xcode 'outputs' to avoid re-running this script phase.\necho \"SUCCESS\" > \"${SCRIPT_OUTPUT_FILE_0}\"\n";
			showEnvVarsInLog = 0;
		};
		B397F60AB3447BB8680AC30F /* [CP] Embed Pods Frameworks */ = {
			isa = PBXShellScriptBuildPhase;
			buildActionMask = 2147483647;
			files = (
			);
			inputPaths = (
			);
			name = "[CP] Embed Pods Frameworks";
			outputPaths = (
			);
			runOnlyForDeploymentPostprocessing = 0;
			shellPath = /bin/sh;
			shellScript = "\"${SRCROOT}/Pods/Target Support Files/Pods-TestSD/Pods-TestSD-frameworks.sh\"\n";
			showEnvVarsInLog = 0;
		};
/* End PBXShellScriptBuildPhase section */

/* Begin PBXSourcesBuildPhase section */
		97C0A8161FF6370700381183 /* Sources */ = {
			isa = PBXSourcesBuildPhase;
			buildActionMask = 2147483647;
			files = (
				97C0A8251FF6370700381183 /* ViewController.m in Sources */,
				97C0A8221FF6370700381183 /* AppDelegate.m in Sources */,
				97C0A81F1FF6370700381183 /* main.m in Sources */,
			);
			runOnlyForDeploymentPostprocessing = 0;
		};
		97C0A82F1FF6370800381183 /* Sources */ = {
			isa = PBXSourcesBuildPhase;
			buildActionMask = 2147483647;
			files = (
				97C0A8381FF6370800381183 /* TestSDTests.m in Sources */,
			);
			runOnlyForDeploymentPostprocessing = 0;
		};
		97C0A83A1FF6370800381183 /* Sources */ = {
			isa = PBXSourcesBuildPhase;
			buildActionMask = 2147483647;
			files = (
				97C0A8431FF6370800381183 /* TestSDUITests.m in Sources */,
			);
			runOnlyForDeploymentPostprocessing = 0;
		};
/* End PBXSourcesBuildPhase section */

/* Begin PBXTargetDependency section */
		97C0A8351FF6370800381183 /* PBXTargetDependency */ = {
			isa = PBXTargetDependency;
			target = 97C0A8191FF6370700381183 /* TestSD */;
			targetProxy = 97C0A8341FF6370800381183 /* PBXContainerItemProxy */;
		};
		97C0A8401FF6370800381183 /* PBXTargetDependency */ = {
			isa = PBXTargetDependency;
			target = 97C0A8191FF6370700381183 /* TestSD */;
			targetProxy = 97C0A83F1FF6370800381183 /* PBXContainerItemProxy */;
		};
/* End PBXTargetDependency section */

/* Begin PBXVariantGroup section */
		97C0A8261FF6370700381183 /* Main.storyboard */ = {
			isa = PBXVariantGroup;
			children = (
				97C0A8271FF6370800381183 /* Base */,
			);
			name = Main.storyboard;
			sourceTree = "<group>";
		};
		97C0A82B1FF6370800381183 /* LaunchScreen.storyboard */ = {
			isa = PBXVariantGroup;
			children = (
				97C0A82C1FF6370800381183 /* Base */,
			);
			name = LaunchScreen.storyboard;
			sourceTree = "<group>";
		};
/* End PBXVariantGroup section */

/* Begin XCBuildConfiguration section */
		97C0A8451FF6370800381183 /* Debug */ = {
			isa = XCBuildConfiguration;
			buildSettings = {
				ALWAYS_SEARCH_USER_PATHS = NO;
				CLANG_ANALYZER_NONNULL = YES;
				CLANG_CXX_LANGUAGE_STANDARD = "gnu++0x";
				CLANG_CXX_LIBRARY = "libc++";
				CLANG_ENABLE_MODULES = YES;
				CLANG_ENABLE_OBJC_ARC = YES;
				CLANG_WARN_BOOL_CONVERSION = YES;
				CLANG_WARN_CONSTANT_CONVERSION = YES;
				CLANG_WARN_DIRECT_OBJC_ISA_USAGE = YES_ERROR;
				CLANG_WARN_DOCUMENTATION_COMMENTS = YES;
				CLANG_WARN_EMPTY_BODY = YES;
				CLANG_WARN_ENUM_CONVERSION = YES;
				CLANG_WARN_INFINITE_RECURSION = YES;
				CLANG_WARN_INT_CONVERSION = YES;
				CLANG_WARN_OBJC_ROOT_CLASS = YES_ERROR;
				CLANG_WARN_SUSPICIOUS_MOVES = YES;
				CLANG_WARN_UNREACHABLE_CODE = YES;
				CLANG_WARN__DUPLICATE_METHOD_MATCH = YES;
				"CODE_SIGN_IDENTITY[sdk=iphoneos*]" = "iPhone Developer";
				COPY_PHASE_STRIP = NO;
				DEBUG_INFORMATION_FORMAT = dwarf;
				ENABLE_STRICT_OBJC_MSGSEND = YES;
				ENABLE_TESTABILITY = YES;
				GCC_C_LANGUAGE_STANDARD = gnu99;
				GCC_DYNAMIC_NO_PIC = NO;
				GCC_NO_COMMON_BLOCKS = YES;
				GCC_OPTIMIZATION_LEVEL = 0;
				GCC_PREPROCESSOR_DEFINITIONS = (
					"DEBUG=1",
					"$(inherited)",
				);
				GCC_WARN_64_TO_32_BIT_CONVERSION = YES;
				GCC_WARN_ABOUT_RETURN_TYPE = YES_ERROR;
				GCC_WARN_UNDECLARED_SELECTOR = YES;
				GCC_WARN_UNINITIALIZED_AUTOS = YES_AGGRESSIVE;
				GCC_WARN_UNUSED_FUNCTION = YES;
				GCC_WARN_UNUSED_VARIABLE = YES;
				IPHONEOS_DEPLOYMENT_TARGET = 10.0;
				MTL_ENABLE_DEBUG_INFO = YES;
				ONLY_ACTIVE_ARCH = YES;
				SDKROOT = iphoneos;
				TARGETED_DEVICE_FAMILY = "1,2";
			};
			name = Debug;
		};
		97C0A8461FF6370800381183 /* Release */ = {
			isa = XCBuildConfiguration;
			buildSettings = {
				ALWAYS_SEARCH_USER_PATHS = NO;
				CLANG_ANALYZER_NONNULL = YES;
				CLANG_CXX_LANGUAGE_STANDARD = "gnu++0x";
				CLANG_CXX_LIBRARY = "libc++";
				CLANG_ENABLE_MODULES = YES;
				CLANG_ENABLE_OBJC_ARC = YES;
				CLANG_WARN_BOOL_CONVERSION = YES;
				CLANG_WARN_CONSTANT_CONVERSION = YES;
				CLANG_WARN_DIRECT_OBJC_ISA_USAGE = YES_ERROR;
				CLANG_WARN_DOCUMENTATION_COMMENTS = YES;
				CLANG_WARN_EMPTY_BODY = YES;
				CLANG_WARN_ENUM_CONVERSION = YES;
				CLANG_WARN_INFINITE_RECURSION = YES;
				CLANG_WARN_INT_CONVERSION = YES;
				CLANG_WARN_OBJC_ROOT_CLASS = YES_ERROR;
				CLANG_WARN_SUSPICIOUS_MOVES = YES;
				CLANG_WARN_UNREACHABLE_CODE = YES;
				CLANG_WARN__DUPLICATE_METHOD_MATCH = YES;
				"CODE_SIGN_IDENTITY[sdk=iphoneos*]" = "iPhone Developer";
				COPY_PHASE_STRIP = NO;
				DEBUG_INFORMATION_FORMAT = "dwarf-with-dsym";
				ENABLE_NS_ASSERTIONS = NO;
				ENABLE_STRICT_OBJC_MSGSEND = YES;
				GCC_C_LANGUAGE_STANDARD = gnu99;
				GCC_NO_COMMON_BLOCKS = YES;
				GCC_WARN_64_TO_32_BIT_CONVERSION = YES;
				GCC_WARN_ABOUT_RETURN_TYPE = YES_ERROR;
				GCC_WARN_UNDECLARED_SELECTOR = YES;
				GCC_WARN_UNINITIALIZED_AUTOS = YES_AGGRESSIVE;
				GCC_WARN_UNUSED_FUNCTION = YES;
				GCC_WARN_UNUSED_VARIABLE = YES;
				IPHONEOS_DEPLOYMENT_TARGET = 10.0;
				MTL_ENABLE_DEBUG_INFO = NO;
				SDKROOT = iphoneos;
				TARGETED_DEVICE_FAMILY = "1,2";
				VALIDATE_PRODUCT = YES;
			};
			name = Release;
		};
		97C0A8481FF6370800381183 /* Debug */ = {
			isa = XCBuildConfiguration;
			baseConfigurationReference = 8747E14B22FFEA24FE0A3BC7 /* Pods-TestSD.debug.xcconfig */;
			buildSettings = {
				ASSETCATALOG_COMPILER_APPICON_NAME = AppIcon;
				DEVELOPMENT_TEAM = 9ECXZ932UT;
				GCC_PREFIX_HEADER = "$(SRCROOT)/TestSD/TestSD.pch";
				INFOPLIST_FILE = TestSD/Info.plist;
				LD_RUNPATH_SEARCH_PATHS = "$(inherited) @executable_path/Frameworks";
				PRODUCT_BUNDLE_IDENTIFIER = aa.TestSD;
				PRODUCT_NAME = "$(TARGET_NAME)";
			};
			name = Debug;
		};
		97C0A8491FF6370800381183 /* Release */ = {
			isa = XCBuildConfiguration;
			baseConfigurationReference = 1492FB7E7F5394272717D5D8 /* Pods-TestSD.release.xcconfig */;
			buildSettings = {
				ASSETCATALOG_COMPILER_APPICON_NAME = AppIcon;
				DEVELOPMENT_TEAM = 9ECXZ932UT;
				GCC_PREFIX_HEADER = "$(SRCROOT)/TestSD/TestSD.pch";
				INFOPLIST_FILE = TestSD/Info.plist;
				LD_RUNPATH_SEARCH_PATHS = "$(inherited) @executable_path/Frameworks";
				PRODUCT_BUNDLE_IDENTIFIER = aa.TestSD;
				PRODUCT_NAME = "$(TARGET_NAME)";
			};
			name = Release;
		};
		97C0A84B1FF6370800381183 /* Debug */ = {
			isa = XCBuildConfiguration;
			buildSettings = {
				BUNDLE_LOADER = "$(TEST_HOST)";
				INFOPLIST_FILE = TestSDTests/Info.plist;
				LD_RUNPATH_SEARCH_PATHS = "$(inherited) @executable_path/Frameworks @loader_path/Frameworks";
				PRODUCT_BUNDLE_IDENTIFIER = aa.TestSDTests;
				PRODUCT_NAME = "$(TARGET_NAME)";
				TEST_HOST = "$(BUILT_PRODUCTS_DIR)/TestSD.app/TestSD";
			};
			name = Debug;
		};
		97C0A84C1FF6370800381183 /* Release */ = {
			isa = XCBuildConfiguration;
			buildSettings = {
				BUNDLE_LOADER = "$(TEST_HOST)";
				INFOPLIST_FILE = TestSDTests/Info.plist;
				LD_RUNPATH_SEARCH_PATHS = "$(inherited) @executable_path/Frameworks @loader_path/Frameworks";
				PRODUCT_BUNDLE_IDENTIFIER = aa.TestSDTests;
				PRODUCT_NAME = "$(TARGET_NAME)";
				TEST_HOST = "$(BUILT_PRODUCTS_DIR)/TestSD.app/TestSD";
			};
			name = Release;
		};
		97C0A84E1FF6370800381183 /* Debug */ = {
			isa = XCBuildConfiguration;
			buildSettings = {
				INFOPLIST_FILE = TestSDUITests/Info.plist;
				LD_RUNPATH_SEARCH_PATHS = "$(inherited) @executable_path/Frameworks @loader_path/Frameworks";
				PRODUCT_BUNDLE_IDENTIFIER = aa.TestSDUITests;
				PRODUCT_NAME = "$(TARGET_NAME)";
				TEST_TARGET_NAME = TestSD;
			};
			name = Debug;
		};
		97C0A84F1FF6370800381183 /* Release */ = {
			isa = XCBuildConfiguration;
			buildSettings = {
				INFOPLIST_FILE = TestSDUITests/Info.plist;
				LD_RUNPATH_SEARCH_PATHS = "$(inherited) @executable_path/Frameworks @loader_path/Frameworks";
				PRODUCT_BUNDLE_IDENTIFIER = aa.TestSDUITests;
				PRODUCT_NAME = "$(TARGET_NAME)";
				TEST_TARGET_NAME = TestSD;
			};
			name = Release;
		};
/* End XCBuildConfiguration section */

/* Begin XCConfigurationList section */
		97C0A8151FF6370700381183 /* Build configuration list for PBXProject "TestSD" */ = {
			isa = XCConfigurationList;
			buildConfigurations = (
				97C0A8451FF6370800381183 /* Debug */,
				97C0A8461FF6370800381183 /* Release */,
			);
			defaultConfigurationIsVisible = 0;
			defaultConfigurationName = Release;
		};
		97C0A8471FF6370800381183 /* Build configuration list for PBXNativeTarget "TestSD" */ = {
			isa = XCConfigurationList;
			buildConfigurations = (
				97C0A8481FF6370800381183 /* Debug */,
				97C0A8491FF6370800381183 /* Release */,
			);
			defaultConfigurationIsVisible = 0;
			defaultConfigurationName = Release;
		};
		97C0A84A1FF6370800381183 /* Build configuration list for PBXNativeTarget "TestSDTests" */ = {
			isa = XCConfigurationList;
			buildConfigurations = (
				97C0A84B1FF6370800381183 /* Debug */,
				97C0A84C1FF6370800381183 /* Release */,
			);
			defaultConfigurationIsVisible = 0;
			defaultConfigurationName = Release;
		};
		97C0A84D1FF6370800381183 /* Build configuration list for PBXNativeTarget "TestSDUITests" */ = {
			isa = XCConfigurationList;
			buildConfigurations = (
				97C0A84E1FF6370800381183 /* Debug */,
				97C0A84F1FF6370800381183 /* Release */,
			);
			defaultConfigurationIsVisible = 0;
			defaultConfigurationName = Release;
		};
/* End XCConfigurationList section */
	};
	rootObject = 97C0A8121FF6370700381183 /* Project object */;
}
